
Microsoft Visual Studio Solution File, Format Version 12.00
# Visual Studio Version 17
VisualStudioVersion = 17.10.35027.167
MinimumVisualStudioVersion = 10.0.40219.1
Project("{8BC9CEB8-8B4A-11D0-8D11-00A0C91BC942}") = "Search", "Search.vcxproj", "{D80540E4-C2A4-4226-9259-345B52625FE8}"
EndProject
Project("{8BC9CEB8-8B4A-11D0-8D11-00A0C91BC942}") = "MockStandalone", "MockStandalone\MockStandalone.vcxproj", "{FEF37D69-AA1B-4796-8C6B-56E64C03EF86}"
	ProjectSection(ProjectDependencies) = postProject
		{D80540E4-C2A4-4226-9259-345B52625FE8} = {D80540E4-C2A4-4226-9259-345B52625FE8}
	EndProjectSection
EndProject
Global
	GlobalSection(SolutionConfigurationPlatforms) = preSolution
		Debug|x64 = Debug|x64
		Release|x64 = Release|x64
	EndGlobalSection
	GlobalSection(ProjectConfigurationPlatforms) = postSolution
		{D80540E4-C2A4-4226-9259-345B52625FE8}.Debug|x64.ActiveCfg = Debug|x64
		{D80540E4-C2A4-4226-9259-345B52625FE8}.Debug|x64.Build.0 = Debug|x64
		{D80540E4-C2A4-4226-9259-345B52625FE8}.Release|x64.ActiveCfg = Release|x64
		{D80540E4-C2A4-4226-9259-345B52625FE8}.Release|x64.Build.0 = Release|x64
		{FEF37D69-AA1B-4796-8C6B-56E64C03EF86}.Debug|x64.ActiveCfg = Debug|x64
		{FEF37D69-AA1B-4796-8C6B-56E64C03EF86}.Debug|x64.Build.0 = Debug|x64
		{FEF37D69-AA1B-4796-8C6B-56E64C03EF86}.Release|x64.ActiveCfg = Release|x64
		{FEF37D69-AA1B-4796-8C6B-56E64C03EF86}.Release|x64.Build.0 = Release|x64
	EndGlobalSection
	GlobalSection(SolutionProperties) = preSolution
		HideSolutionNode = FALSE
	EndGlobalSection
	GlobalSection(ExtensibilityGlobals) = postSolution
		SolutionGuid = {CDEC5B32-AF41-4F0A-A4D7-917BFBBBC6F2}
	EndGlobalSection
EndGlobal
