<?xml version="1.0" encoding="utf-8"?>
<Project ToolsVersion="4.0" xmlns="http://schemas.microsoft.com/developer/msbuild/2003">
  <ItemGroup>
    <ClCompile Include="include\imgui\imgui.cpp">
      <Filter>include\imgui</Filter>
    </ClCompile>
    <ClCompile Include="include\imgui\imgui_demo.cpp">
      <Filter>include\imgui</Filter>
    </ClCompile>
    <ClCompile Include="include\imgui\imgui_draw.cpp">
      <Filter>include\imgui</Filter>
    </ClCompile>
    <ClCompile Include="include\imgui\imgui_tables.cpp">
      <Filter>include\imgui</Filter>
    </ClCompile>
    <ClCompile Include="include\imgui\imgui_widgets.cpp">
      <Filter>include\imgui</Filter>
    </ClCompile>
    <ClCompile Include="include\sqlite\shell.c">
      <Filter>include\sqlite</Filter>
    </ClCompile>
    <ClCompile Include="include\sqlite\sqlite3.c">
      <Filter>include\sqlite</Filter>
    </ClCompile>
    <ClCompile Include="include\SQLiteCpp\Backup.cpp">
      <Filter>include\SQLiteCpp</Filter>
    </ClCompile>
    <ClCompile Include="include\SQLiteCpp\Column.cpp">
      <Filter>include\SQLiteCpp</Filter>
    </ClCompile>
    <ClCompile Include="include\SQLiteCpp\Database.cpp">
      <Filter>include\SQLiteCpp</Filter>
    </ClCompile>
    <ClCompile Include="include\SQLiteCpp\Exception.cpp">
      <Filter>include\SQLiteCpp</Filter>
    </ClCompile>
    <ClCompile Include="include\SQLiteCpp\Savepoint.cpp">
      <Filter>include\SQLiteCpp</Filter>
    </ClCompile>
    <ClCompile Include="include\SQLiteCpp\Statement.cpp">
      <Filter>include\SQLiteCpp</Filter>
    </ClCompile>
    <ClCompile Include="include\SQLiteCpp\Transaction.cpp">
      <Filter>include\SQLiteCpp</Filter>
    </ClCompile>
    <ClCompile Include="src\APIClient.cpp">
      <Filter>src</Filter>
    </ClCompile>
    <ClCompile Include="src\dllmain.cpp">
      <Filter>src</Filter>
    </ClCompile>
    <ClCompile Include="src\ItemStore.cpp">
      <Filter>src</Filter>
    </ClCompile>
    <ClCompile Include="src\standalone.cpp">
      <Filter>src</Filter>
    </ClCompile>
    <ClCompile Include="src\Finder.cpp">
      <Filter>src</Filter>
    </ClCompile>
    <ClCompile Include="src\Config.cpp">
      <Filter>src</Filter>
    </ClCompile>
  </ItemGroup>
  <ItemGroup>
    <ClInclude Include="include\imgui\imconfig.h">
      <Filter>include\imgui</Filter>
    </ClInclude>
    <ClInclude Include="include\imgui\imgui.h">
      <Filter>include\imgui</Filter>
    </ClInclude>
    <ClInclude Include="include\imgui\imgui_internal.h">
      <Filter>include\imgui</Filter>
    </ClInclude>
    <ClInclude Include="include\imgui\imstb_rectpack.h">
      <Filter>include\imgui</Filter>
    </ClInclude>
    <ClInclude Include="include\imgui\imstb_textedit.h">
      <Filter>include\imgui</Filter>
    </ClInclude>
    <ClInclude Include="include\imgui\imstb_truetype.h">
      <Filter>include\imgui</Filter>
    </ClInclude>
    <ClInclude Include="include\nexus\Nexus.h">
      <Filter>include\nexus</Filter>
    </ClInclude>
    <ClInclude Include="include\mumble\Mumble.h">
      <Filter>include\mumble</Filter>
    </ClInclude>
    <ClInclude Include="include\sqlite\sqlite3.h">
      <Filter>include\sqlite</Filter>
    </ClInclude>
    <ClInclude Include="include\sqlite\sqlite3ext.h">
      <Filter>include\sqlite</Filter>
    </ClInclude>
    <ClInclude Include="include\SQLiteCpp\Assertion.h">
      <Filter>include\SQLiteCpp</Filter>
    </ClInclude>
    <ClInclude Include="include\SQLiteCpp\Backup.h">
      <Filter>include\SQLiteCpp</Filter>
    </ClInclude>
    <ClInclude Include="include\SQLiteCpp\Column.h">
      <Filter>include\SQLiteCpp</Filter>
    </ClInclude>
    <ClInclude Include="include\SQLiteCpp\Database.h">
      <Filter>include\SQLiteCpp</Filter>
    </ClInclude>
    <ClInclude Include="include\SQLiteCpp\Exception.h">
      <Filter>include\SQLiteCpp</Filter>
    </ClInclude>
    <ClInclude Include="include\SQLiteCpp\ExecuteMany.h">
      <Filter>include\SQLiteCpp</Filter>
    </ClInclude>
    <ClInclude Include="include\SQLiteCpp\Savepoint.h">
      <Filter>include\SQLiteCpp</Filter>
    </ClInclude>
    <ClInclude Include="include\SQLiteCpp\SQLiteCpp.h">
      <Filter>include\SQLiteCpp</Filter>
    </ClInclude>
    <ClInclude Include="include\SQLiteCpp\SQLiteCppExport.h">
      <Filter>include\SQLiteCpp</Filter>
    </ClInclude>
    <ClInclude Include="include\SQLiteCpp\Statement.h">
      <Filter>include\SQLiteCpp</Filter>
    </ClInclude>
    <ClInclude Include="include\SQLiteCpp\Transaction.h">
      <Filter>include\SQLiteCpp</Filter>
    </ClInclude>
    <ClInclude Include="include\SQLiteCpp\Utils.h">
      <Filter>include\SQLiteCpp</Filter>
    </ClInclude>
    <ClInclude Include="include\SQLiteCpp\VariadicBind.h">
      <Filter>include\SQLiteCpp</Filter>
    </ClInclude>
    <ClInclude Include="include\nlohmann\json.hpp">
      <Filter>include\nlohmann</Filter>
    </ClInclude>
    <ClInclude Include="include\nlohmann\json_fwd.hpp">
      <Filter>include\nlohmann</Filter>
    </ClInclude>
    <ClInclude Include="src\APIClient.h">
      <Filter>src</Filter>
    </ClInclude>
    <ClInclude Include="src\ItemStore.h">
      <Filter>src</Filter>
    </ClInclude>
    <ClInclude Include="src\sql_commands.h">
      <Filter>src</Filter>
    </ClInclude>
    <ClInclude Include="src\helper.h">
      <Filter>src</Filter>
    </ClInclude>
    <ClInclude Include="src\standalone.h">
      <Filter>src</Filter>
    </ClInclude>
    <ClInclude Include="src\Finder.h">
      <Filter>src</Filter>
    </ClInclude>
    <ClInclude Include="src\Item.h">
      <Filter>src</Filter>
    </ClInclude>
    <ClInclude Include="src\const.h">
      <Filter>src</Filter>
    </ClInclude>
    <ClInclude Include="include\thread_pool\thread_pool.h">
      <Filter>include\thread_pool</Filter>
    </ClInclude>
    <ClInclude Include="include\thread_pool\thread_safe_queue.h">
      <Filter>include\thread_pool</Filter>
    </ClInclude>
    <ClInclude Include="src\imgui_helper.h">
      <Filter>src</Filter>
    </ClInclude>
    <ClInclude Include="src\Config.h">
      <Filter>src</Filter>
    </ClInclude>
    <ClInclude Include="res\resource.h">
      <Filter>res</Filter>
    </ClInclude>
    <ClInclude Include="include\httplib.h">
      <Filter>include</Filter>
    </ClInclude>
    <ClInclude Include="src\global.h">
      <Filter>src</Filter>
    </ClInclude>
  </ItemGroup>
  <ItemGroup>
    <Filter Include="include">
      <UniqueIdentifier>{7bd36719-5669-42cc-9d93-8c90dfd528d8}</UniqueIdentifier>
    </Filter>
    <Filter Include="include\nexus">
      <UniqueIdentifier>{1157fc0c-baf2-4559-94db-3b99b1f2d450}</UniqueIdentifier>
    </Filter>
    <Filter Include="include\mumble">
      <UniqueIdentifier>{d4a6990f-8cdd-48f5-a68f-91020579cb40}</UniqueIdentifier>
    </Filter>
    <Filter Include="include\imgui">
      <UniqueIdentifier>{b196df2c-dc1d-4817-9c58-2b32d21cb324}</UniqueIdentifier>
    </Filter>
    <Filter Include="include\sqlite">
      <UniqueIdentifier>{2e54e9e2-7cf5-4d4a-98da-6174b0b85ee4}</UniqueIdentifier>
    </Filter>
    <Filter Include="include\SQLiteCpp">
      <UniqueIdentifier>{32d5d0d0-6f24-42d4-994c-054f8427a566}</UniqueIdentifier>
    </Filter>
    <Filter Include="include\nlohmann">
      <UniqueIdentifier>{d7028805-2aef-462a-b4bd-d407224a0d08}</UniqueIdentifier>
    </Filter>
    <Filter Include="src">
      <UniqueIdentifier>{78d4d2f9-1b71-4c68-a2c6-a36fadde0a72}</UniqueIdentifier>
    </Filter>
    <Filter Include="include\thread_pool">
      <UniqueIdentifier>{2999addb-d7d9-4fde-ae50-4928dd17625a}</UniqueIdentifier>
    </Filter>
    <Filter Include="res">
      <UniqueIdentifier>{50305117-c0c3-4b4a-9596-474b03683bee}</UniqueIdentifier>
    </Filter>
  </ItemGroup>
  <ItemGroup>
    <Image Include="res\freg.png">
      <Filter>res</Filter>
    </Image>
    <Image Include="copper.png">
      <Filter>res</Filter>
    </Image>
    <Image Include="gold.png">
      <Filter>res</Filter>
    </Image>
    <Image Include="silver.png">
      <Filter>res</Filter>
    </Image>
    <Image Include="res\copper.png">
      <Filter>res</Filter>
    </Image>
    <Image Include="res\gold.png">
      <Filter>res</Filter>
    </Image>
    <Image Include="refresh.png">
      <Filter>res</Filter>
    </Image>
    <Image Include="res\refresh.png">
      <Filter>res</Filter>
    </Image>
    <Image Include="res\silver.png">
      <Filter>res</Filter>
    </Image>
  </ItemGroup>
  <ItemGroup>
    <ResourceCompile Include="res\resource.rc">
      <Filter>res</Filter>
    </ResourceCompile>
  </ItemGroup>
</Project>